# THIS IS AN AUTOGENERATED FILE. DO NOT EDIT THIS FILE DIRECTLY.
# yarn lockfile v1


"@polymer/lit-element@^0.6.0":
  version "0.6.0"
  resolved "https://registry.yarnpkg.com/@polymer/lit-element/-/lit-element-0.6.0.tgz#6ad8ae0f0c749624ad5c5523384d5cd64db30d18"
  integrity sha512-9Agca2zlw61WCkKjp0jsz90FwQ1SGwWRJePQQtydlBkjxZ6P1O2uY6x6eLhIPScZ8vgklKRhvrx2xNX3QgMl4g==
  dependencies:
    lit-html "^0.11.2"

"@webcomponents/webcomponentsjs@^2.1.2":
  version "2.1.2"
  resolved "https://registry.yarnpkg.com/@webcomponents/webcomponentsjs/-/webcomponentsjs-2.1.2.tgz#55902f200bbebbeb56247e48afd580c0083d245c"
  integrity sha512-Ul2F4nDOXm97jiulLvGVo5Z4dqWzqwxqDU8j7c7UBZbvKFOEM5xMsXwzYWvoama4pwecK+MCSx1PoIDvEyCrnQ==

lit-html@^0.11.2:
  version "0.11.3"
  resolved "https://registry.yarnpkg.com/lit-html/-/lit-html-0.11.3.tgz#34d6eb27ef0c7fdae542c7b50762526704605681"
  integrity sha512-udv1BARKZDXVyul+MUTfg1U75UdqDgXf4kXQMs0Nz1qrlqKzQT8Ty4mn7+09sFcbInCWi3sLX4KiWyEHjVskZA==
